
Microsoft Visual Studio Solution File, Format Version 12.00
# Visual Studio 2012
Project("{FAE04EC0-301F-11D3-BF4B-00C04F79EFBC}") = "NearIT.Android.UI", "NearIT.Android.UI\NearIT.Android.UI.csproj", "{50EE3D47-6EF6-4CF2-9320-7C2280DAEA3E}"
EndProject
Global
	GlobalSection(SolutionConfigurationPlatforms) = preSolution
		Debug|Any CPU = Debug|Any CPU
		Release|Any CPU = Release|Any CPU
	EndGlobalSection
	GlobalSection(ProjectConfigurationPlatforms) = postSolution
		{50EE3D47-6EF6-4CF2-9320-7C2280DAEA3E}.Debug|Any CPU.ActiveCfg = Debug|Any CPU
		{50EE3D47-6EF6-4CF2-9320-7C2280DAEA3E}.Debug|Any CPU.Build.0 = Debug|Any CPU
		{50EE3D47-6EF6-4CF2-9320-7C2280DAEA3E}.Release|Any CPU.ActiveCfg = Release|Any CPU
		{50EE3D47-6EF6-4CF2-9320-7C2280DAEA3E}.Release|Any CPU.Build.0 = Release|Any CPU
	EndGlobalSection
EndGlobal
